
Microsoft Visual Studio Solution File, Format Version 12.00
# Visual Studio Version 17
VisualStudioVersion = 17.2.32630.192
MinimumVisualStudioVersion = 10.0.40219.1
Project("{9A19103F-16F7-4668-BE54-9A1E7A4F7556}") = "StudentsCourseDetails", "StudentsCourseDetails.csproj", "{992E4E5F-A4E8-4C28-BD98-92DCD9248D9C}"
EndProject
Project("{FAE04EC0-301F-11D3-BF4B-00C04F79EFBC}") = "StudentDetailsTest", "..\StudentDetailsTest\StudentDetailsTest.csproj", "{6323C168-99B7-47E5-BBB4-D947AB938CD6}"
EndProject
Global
	GlobalSection(SolutionConfigurationPlatforms) = preSolution
		Debug|Any CPU = Debug|Any CPU
		Release|Any CPU = Release|Any CPU
	EndGlobalSection
	GlobalSection(ProjectConfigurationPlatforms) = postSolution
		{992E4E5F-A4E8-4C28-BD98-92DCD9248D9C}.Debug|Any CPU.ActiveCfg = Debug|Any CPU
		{992E4E5F-A4E8-4C28-BD98-92DCD9248D9C}.Debug|Any CPU.Build.0 = Debug|Any CPU
		{992E4E5F-A4E8-4C28-BD98-92DCD9248D9C}.Release|Any CPU.ActiveCfg = Release|Any CPU
		{992E4E5F-A4E8-4C28-BD98-92DCD9248D9C}.Release|Any CPU.Build.0 = Release|Any CPU
		{6323C168-99B7-47E5-BBB4-D947AB938CD6}.Debug|Any CPU.ActiveCfg = Debug|Any CPU
		{6323C168-99B7-47E5-BBB4-D947AB938CD6}.Debug|Any CPU.Build.0 = Debug|Any CPU
		{6323C168-99B7-47E5-BBB4-D947AB938CD6}.Release|Any CPU.ActiveCfg = Release|Any CPU
		{6323C168-99B7-47E5-BBB4-D947AB938CD6}.Release|Any CPU.Build.0 = Release|Any CPU
	EndGlobalSection
	GlobalSection(SolutionProperties) = preSolution
		HideSolutionNode = FALSE
	EndGlobalSection
	GlobalSection(ExtensibilityGlobals) = postSolution
		SolutionGuid = {CCB7999F-365B-49F9-A7D4-EDF9D82542A6}
	EndGlobalSection
EndGlobal
